// !$*UTF8*$!
{
	archiveVersion = 1;
	classes = {
	};
	objectVersion = 52;
	objects = {

/* Begin PBXBuildFile section */
		2A660810242E18290056C849 /* AppDelegate.swift in Sources */ = {isa = PBXBuildFile; fileRef = 2A66080F242E18290056C849 /* AppDelegate.swift */; };
		2A660812242E18290056C849 /* SceneDelegate.swift in Sources */ = {isa = PBXBuildFile; fileRef = 2A660811242E18290056C849 /* SceneDelegate.swift */; };
		2A660814242E18290056C849 /* ContentView.swift in Sources */ = {isa = PBXBuildFile; fileRef = 2A660813242E18290056C849 /* ContentView.swift */; };
		2A660816242E182A0056C849 /* Assets.xcassets in Resources */ = {isa = PBXBuildFile; fileRef = 2A660815242E182A0056C849 /* Assets.xcassets */; };
		2A660819242E182A0056C849 /* Preview Assets.xcassets in Resources */ = {isa = PBXBuildFile; fileRef = 2A660818242E182A0056C849 /* Preview Assets.xcassets */; };
		2A66081C242E182A0056C849 /* LaunchScreen.storyboard in Resources */ = {isa = PBXBuildFile; fileRef = 2A66081A242E182A0056C849 /* LaunchScreen.storyboard */; };
		2A660824242E18C30056C849 /* Loan.swift in Sources */ = {isa = PBXBuildFile; fileRef = 2A660823242E18C30056C849 /* Loan.swift */; };
		2A660828242E19ED0056C849 /* SwiftPI in Frameworks */ = {isa = PBXBuildFile; productRef = 2A660827242E19ED0056C849 /* SwiftPI */; };
		2A66082A242E1A8A0056C849 /* UserData.swift in Sources */ = {isa = PBXBuildFile; fileRef = 2A660829242E1A8A0056C849 /* UserData.swift */; };
		2A66082C242E24450056C849 /* LoanView.swift in Sources */ = {isa = PBXBuildFile; fileRef = 2A66082B242E24450056C849 /* LoanView.swift */; };
		2A66082F242E29510056C849 /* CardView.swift in Sources */ = {isa = PBXBuildFile; fileRef = 2A66082E242E29510056C849 /* CardView.swift */; };
		2AA1D4C5242E326A00B51313 /* LoanParameterRow.swift in Sources */ = {isa = PBXBuildFile; fileRef = 2AA1D4C4242E326A00B51313 /* LoanParameterRow.swift */; };
/* End PBXBuildFile section */

/* Begin PBXFileReference section */
		2A66080C242E18290056C849 /* LoanCalc.app */ = {isa = PBXFileReference; explicitFileType = wrapper.application; includeInIndex = 0; path = LoanCalc.app; sourceTree = BUILT_PRODUCTS_DIR; };
		2A66080F242E18290056C849 /* AppDelegate.swift */ = {isa = PBXFileReference; lastKnownFileType = sourcecode.swift; path = AppDelegate.swift; sourceTree = "<group>"; };
		2A660811242E18290056C849 /* SceneDelegate.swift */ = {isa = PBXFileReference; lastKnownFileType = sourcecode.swift; path = SceneDelegate.swift; sourceTree = "<group>"; };
		2A660813242E18290056C849 /* ContentView.swift */ = {isa = PBXFileReference; lastKnownFileType = sourcecode.swift; path = ContentView.swift; sourceTree = "<group>"; };
		2A660815242E182A0056C849 /* Assets.xcassets */ = {isa = PBXFileReference; lastKnownFileType = folder.assetcatalog; path = Assets.xcassets; sourceTree = "<group>"; };
		2A660818242E182A0056C849 /* Preview Assets.xcassets */ = {isa = PBXFileReference; lastKnownFileType = folder.assetcatalog; path = "Preview Assets.xcassets"; sourceTree = "<group>"; };
		2A66081B242E182A0056C849 /* Base */ = {isa = PBXFileReference; lastKnownFileType = file.storyboard; name = Base; path = Base.lproj/LaunchScreen.storyboard; sourceTree = "<group>"; };
		2A66081D242E182A0056C849 /* Info.plist */ = {isa = PBXFileReference; lastKnownFileType = text.plist.xml; path = Info.plist; sourceTree = "<group>"; };
		2A660823242E18C30056C849 /* Loan.swift */ = {isa = PBXFileReference; lastKnownFileType = sourcecode.swift; path = Loan.swift; sourceTree = "<group>"; };
		2A660829242E1A8A0056C849 /* UserData.swift */ = {isa = PBXFileReference; lastKnownFileType = sourcecode.swift; path = UserData.swift; sourceTree = "<group>"; };
		2A66082B242E24450056C849 /* LoanView.swift */ = {isa = PBXFileReference; lastKnownFileType = sourcecode.swift; path = LoanView.swift; sourceTree = "<group>"; };
		2A66082E242E29510056C849 /* CardView.swift */ = {isa = PBXFileReference; lastKnownFileType = sourcecode.swift; path = CardView.swift; sourceTree = "<group>"; };
		2AA1D4C4242E326A00B51313 /* LoanParameterRow.swift */ = {isa = PBXFileReference; lastKnownFileType = sourcecode.swift; path = LoanParameterRow.swift; sourceTree = "<group>"; };
/* End PBXFileReference section */

/* Begin PBXFrameworksBuildPhase section */
		2A660809242E18290056C849 /* Frameworks */ = {
			isa = PBXFrameworksBuildPhase;
			buildActionMask = 2147483647;
			files = (
				2A660828242E19ED0056C849 /* SwiftPI in Frameworks */,
			);
			runOnlyForDeploymentPostprocessing = 0;
		};
/* End PBXFrameworksBuildPhase section */

/* Begin PBXGroup section */
		2A660803242E18290056C849 = {
			isa = PBXGroup;
			children = (
				2A66080E242E18290056C849 /* LoanCalc */,
				2A66080D242E18290056C849 /* Products */,
			);
			sourceTree = "<group>";
		};
		2A66080D242E18290056C849 /* Products */ = {
			isa = PBXGroup;
			children = (
				2A66080C242E18290056C849 /* LoanCalc.app */,
			);
			name = Products;
			sourceTree = "<group>";
		};
		2A66080E242E18290056C849 /* LoanCalc */ = {
			isa = PBXGroup;
			children = (
				2A66080F242E18290056C849 /* AppDelegate.swift */,
				2A660811242E18290056C849 /* SceneDelegate.swift */,
				2A660813242E18290056C849 /* ContentView.swift */,
				2A66082D242E24500056C849 /* Loan View */,
				2A660830242E29560056C849 /* Supporting */,
				2A660825242E18C80056C849 /* Model & Data */,
				2A660815242E182A0056C849 /* Assets.xcassets */,
				2A66081A242E182A0056C849 /* LaunchScreen.storyboard */,
				2A66081D242E182A0056C849 /* Info.plist */,
				2A660817242E182A0056C849 /* Preview Content */,
			);
			path = LoanCalc;
			sourceTree = "<group>";
		};
		2A660817242E182A0056C849 /* Preview Content */ = {
			isa = PBXGroup;
			children = (
				2A660818242E182A0056C849 /* Preview Assets.xcassets */,
			);
			path = "Preview Content";
			sourceTree = "<group>";
		};
		2A660825242E18C80056C849 /* Model & Data */ = {
			isa = PBXGroup;
			children = (
				2A660823242E18C30056C849 /* Loan.swift */,
				2A660829242E1A8A0056C849 /* UserData.swift */,
			);
			path = "Model & Data";
			sourceTree = "<group>";
		};
		2A66082D242E24500056C849 /* Loan View */ = {
			isa = PBXGroup;
			children = (
				2A66082B242E24450056C849 /* LoanView.swift */,
				2AA1D4C4242E326A00B51313 /* LoanParameterRow.swift */,
			);
			path = "Loan View";
			sourceTree = "<group>";
		};
		2A660830242E29560056C849 /* Supporting */ = {
			isa = PBXGroup;
			children = (
				2A66082E242E29510056C849 /* CardView.swift */,
			);
			path = Supporting;
			sourceTree = "<group>";
		};
/* End PBXGroup section */

/* Begin PBXNativeTarget section */
		2A66080B242E18290056C849 /* LoanCalc */ = {
			isa = PBXNativeTarget;
			buildConfigurationList = 2A660820242E182A0056C849 /* Build configuration list for PBXNativeTarget "LoanCalc" */;
			buildPhases = (
				2A660808242E18290056C849 /* Sources */,
				2A660809242E18290056C849 /* Frameworks */,
				2A66080A242E18290056C849 /* Resources */,
			);
			buildRules = (
			);
			dependencies = (
			);
			name = LoanCalc;
			packageProductDependencies = (
				2A660827242E19ED0056C849 /* SwiftPI */,
			);
			productName = LoanCalc;
			productReference = 2A66080C242E18290056C849 /* LoanCalc.app */;
			productType = "com.apple.product-type.application";
		};
/* End PBXNativeTarget section */

/* Begin PBXProject section */
		2A660804242E18290056C849 /* Project object */ = {
			isa = PBXProject;
			attributes = {
				LastSwiftUpdateCheck = 1140;
				LastUpgradeCheck = 1140;
				ORGANIZATIONNAME = "Igor Malyarov";
				TargetAttributes = {
					2A66080B242E18290056C849 = {
						CreatedOnToolsVersion = 11.4;
					};
				};
			};
			buildConfigurationList = 2A660807242E18290056C849 /* Build configuration list for PBXProject "LoanCalc" */;
			compatibilityVersion = "Xcode 9.3";
			developmentRegion = en;
			hasScannedForEncodings = 0;
			knownRegions = (
				en,
				Base,
			);
			mainGroup = 2A660803242E18290056C849;
			packageReferences = (
				2A660826242E19ED0056C849 /* XCRemoteSwiftPackageReference "SwiftPI" */,
			);
			productRefGroup = 2A66080D242E18290056C849 /* Products */;
			projectDirPath = "";
			projectRoot = "";
			targets = (
				2A66080B242E18290056C849 /* LoanCalc */,
			);
		};
/* End PBXProject section */

/* Begin PBXResourcesBuildPhase section */
		2A66080A242E18290056C849 /* Resources */ = {
			isa = PBXResourcesBuildPhase;
			buildActionMask = 2147483647;
			files = (
				2A66081C242E182A0056C849 /* LaunchScreen.storyboard in Resources */,
				2A660819242E182A0056C849 /* Preview Assets.xcassets in Resources */,
				2A660816242E182A0056C849 /* Assets.xcassets in Resources */,
			);
			runOnlyForDeploymentPostprocessing = 0;
		};
/* End PBXResourcesBuildPhase section */

/* Begin PBXSourcesBuildPhase section */
		2A660808242E18290056C849 /* Sources */ = {
			isa = PBXSourcesBuildPhase;
			buildActionMask = 2147483647;
			files = (
				2A66082F242E29510056C849 /* CardView.swift in Sources */,
				2A660810242E18290056C849 /* AppDelegate.swift in Sources */,
				2A660812242E18290056C849 /* SceneDelegate.swift in Sources */,
				2A66082C242E24450056C849 /* LoanView.swift in Sources */,
				2AA1D4C5242E326A00B51313 /* LoanParameterRow.swift in Sources */,
				2A660814242E18290056C849 /* ContentView.swift in Sources */,
				2A660824242E18C30056C849 /* Loan.swift in Sources */,
				2A66082A242E1A8A0056C849 /* UserData.swift in Sources */,
			);
			runOnlyForDeploymentPostprocessing = 0;
		};
/* End PBXSourcesBuildPhase section */

/* Begin PBXVariantGroup section */
		2A66081A242E182A0056C849 /* LaunchScreen.storyboard */ = {
			isa = PBXVariantGroup;
			children = (
				2A66081B242E182A0056C849 /* Base */,
			);
			name = LaunchScreen.storyboard;
			sourceTree = "<group>";
		};
/* End PBXVariantGroup section */

/* Begin XCBuildConfiguration section */
		2A66081E242E182A0056C849 /* Debug */ = {
			isa = XCBuildConfiguration;
			buildSettings = {
				ALWAYS_SEARCH_USER_PATHS = NO;
				CLANG_ANALYZER_NONNULL = YES;
				CLANG_ANALYZER_NUMBER_OBJECT_CONVERSION = YES_AGGRESSIVE;
				CLANG_CXX_LANGUAGE_STANDARD = "gnu++14";
				CLANG_CXX_LIBRARY = "libc++";
				CLANG_ENABLE_MODULES = YES;
				CLANG_ENABLE_OBJC_ARC = YES;
				CLANG_ENABLE_OBJC_WEAK = YES;
				CLANG_WARN_BLOCK_CAPTURE_AUTORELEASING = YES;
				CLANG_WARN_BOOL_CONVERSION = YES;
				CLANG_WARN_COMMA = YES;
				CLANG_WARN_CONSTANT_CONVERSION = YES;
				CLANG_WARN_DEPRECATED_OBJC_IMPLEMENTATIONS = YES;
				CLANG_WARN_DIRECT_OBJC_ISA_USAGE = YES_ERROR;
				CLANG_WARN_DOCUMENTATION_COMMENTS = YES;
				CLANG_WARN_EMPTY_BODY = YES;
				CLANG_WARN_ENUM_CONVERSION = YES;
				CLANG_WARN_INFINITE_RECURSION = YES;
				CLANG_WARN_INT_CONVERSION = YES;
				CLANG_WARN_NON_LITERAL_NULL_CONVERSION = YES;
				CLANG_WARN_OBJC_IMPLICIT_RETAIN_SELF = YES;
				CLANG_WARN_OBJC_LITERAL_CONVERSION = YES;
				CLANG_WARN_OBJC_ROOT_CLASS = YES_ERROR;
				CLANG_WARN_RANGE_LOOP_ANALYSIS = YES;
				CLANG_WARN_STRICT_PROTOTYPES = YES;
				CLANG_WARN_SUSPICIOUS_MOVE = YES;
				CLANG_WARN_UNGUARDED_AVAILABILITY = YES_AGGRESSIVE;
				CLANG_WARN_UNREACHABLE_CODE = YES;
				CLANG_WARN__DUPLICATE_METHOD_MATCH = YES;
				COPY_PHASE_STRIP = NO;
				DEBUG_INFORMATION_FORMAT = dwarf;
				ENABLE_STRICT_OBJC_MSGSEND = YES;
				ENABLE_TESTABILITY = YES;
				GCC_C_LANGUAGE_STANDARD = gnu11;
				GCC_DYNAMIC_NO_PIC = NO;
				GCC_NO_COMMON_BLOCKS = YES;
				GCC_OPTIMIZATION_LEVEL = 0;
				GCC_PREPROCESSOR_DEFINITIONS = (
					"DEBUG=1",
					"$(inherited)",
				);
				GCC_WARN_64_TO_32_BIT_CONVERSION = YES;
				GCC_WARN_ABOUT_RETURN_TYPE = YES_ERROR;
				GCC_WARN_UNDECLARED_SELECTOR = YES;
				GCC_WARN_UNINITIALIZED_AUTOS = YES_AGGRESSIVE;
				GCC_WARN_UNUSED_FUNCTION = YES;
				GCC_WARN_UNUSED_VARIABLE = YES;
				IPHONEOS_DEPLOYMENT_TARGET = 13.4;
				MTL_ENABLE_DEBUG_INFO = INCLUDE_SOURCE;
				MTL_FAST_MATH = YES;
				ONLY_ACTIVE_ARCH = YES;
				SDKROOT = iphoneos;
				SWIFT_ACTIVE_COMPILATION_CONDITIONS = DEBUG;
				SWIFT_OPTIMIZATION_LEVEL = "-Onone";
			};
			name = Debug;
		};
		2A66081F242E182A0056C849 /* Release */ = {
			isa = XCBuildConfiguration;
			buildSettings = {
				ALWAYS_SEARCH_USER_PATHS = NO;
				CLANG_ANALYZER_NONNULL = YES;
				CLANG_ANALYZER_NUMBER_OBJECT_CONVERSION = YES_AGGRESSIVE;
				CLANG_CXX_LANGUAGE_STANDARD = "gnu++14";
				CLANG_CXX_LIBRARY = "libc++";
				CLANG_ENABLE_MODULES = YES;
				CLANG_ENABLE_OBJC_ARC = YES;
				CLANG_ENABLE_OBJC_WEAK = YES;
				CLANG_WARN_BLOCK_CAPTURE_AUTORELEASING = YES;
				CLANG_WARN_BOOL_CONVERSION = YES;
				CLANG_WARN_COMMA = YES;
				CLANG_WARN_CONSTANT_CONVERSION = YES;
				CLANG_WARN_DEPRECATED_OBJC_IMPLEMENTATIONS = YES;
				CLANG_WARN_DIRECT_OBJC_ISA_USAGE = YES_ERROR;
				CLANG_WARN_DOCUMENTATION_COMMENTS = YES;
				CLANG_WARN_EMPTY_BODY = YES;
				CLANG_WARN_ENUM_CONVERSION = YES;
				CLANG_WARN_INFINITE_RECURSION = YES;
				CLANG_WARN_INT_CONVERSION = YES;
				CLANG_WARN_NON_LITERAL_NULL_CONVERSION = YES;
				CLANG_WARN_OBJC_IMPLICIT_RETAIN_SELF = YES;
				CLANG_WARN_OBJC_LITERAL_CONVERSION = YES;
				CLANG_WARN_OBJC_ROOT_CLASS = YES_ERROR;
				CLANG_WARN_RANGE_LOOP_ANALYSIS = YES;
				CLANG_WARN_STRICT_PROTOTYPES = YES;
				CLANG_WARN_SUSPICIOUS_MOVE = YES;
				CLANG_WARN_UNGUARDED_AVAILABILITY = YES_AGGRESSIVE;
				CLANG_WARN_UNREACHABLE_CODE = YES;
				CLANG_WARN__DUPLICATE_METHOD_MATCH = YES;
				COPY_PHASE_STRIP = NO;
				DEBUG_INFORMATION_FORMAT = "dwarf-with-dsym";
				ENABLE_NS_ASSERTIONS = NO;
				ENABLE_STRICT_OBJC_MSGSEND = YES;
				GCC_C_LANGUAGE_STANDARD = gnu11;
				GCC_NO_COMMON_BLOCKS = YES;
				GCC_WARN_64_TO_32_BIT_CONVERSION = YES;
				GCC_WARN_ABOUT_RETURN_TYPE = YES_ERROR;
				GCC_WARN_UNDECLARED_SELECTOR = YES;
				GCC_WARN_UNINITIALIZED_AUTOS = YES_AGGRESSIVE;
				GCC_WARN_UNUSED_FUNCTION = YES;
				GCC_WARN_UNUSED_VARIABLE = YES;
				IPHONEOS_DEPLOYMENT_TARGET = 13.4;
				MTL_ENABLE_DEBUG_INFO = NO;
				MTL_FAST_MATH = YES;
				SDKROOT = iphoneos;
				SWIFT_COMPILATION_MODE = wholemodule;
				SWIFT_OPTIMIZATION_LEVEL = "-O";
				VALIDATE_PRODUCT = YES;
			};
			name = Release;
		};
		2A660821242E182A0056C849 /* Debug */ = {
			isa = XCBuildConfiguration;
			buildSettings = {
				ASSETCATALOG_COMPILER_APPICON_NAME = AppIcon;
				CODE_SIGN_STYLE = Automatic;
				DEVELOPMENT_ASSET_PATHS = "\"LoanCalc/Preview Content\"";
				DEVELOPMENT_TEAM = VRVJ9YNRQU;
				ENABLE_PREVIEWS = YES;
				INFOPLIST_FILE = LoanCalc/Info.plist;
				LD_RUNPATH_SEARCH_PATHS = (
					"$(inherited)",
					"@executable_path/Frameworks",
				);
				PRODUCT_BUNDLE_IDENTIFIER = com.photoigor.LoanCalc;
				PRODUCT_NAME = "$(TARGET_NAME)";
				SWIFT_VERSION = 5.0;
				TARGETED_DEVICE_FAMILY = "1,2";
			};
			name = Debug;
		};
		2A660822242E182A0056C849 /* Release */ = {
			isa = XCBuildConfiguration;
			buildSettings = {
				ASSETCATALOG_COMPILER_APPICON_NAME = AppIcon;
				CODE_SIGN_STYLE = Automatic;
				DEVELOPMENT_ASSET_PATHS = "\"LoanCalc/Preview Content\"";
				DEVELOPMENT_TEAM = VRVJ9YNRQU;
				ENABLE_PREVIEWS = YES;
				INFOPLIST_FILE = LoanCalc/Info.plist;
				LD_RUNPATH_SEARCH_PATHS = (
					"$(inherited)",
					"@executable_path/Frameworks",
				);
				PRODUCT_BUNDLE_IDENTIFIER = com.photoigor.LoanCalc;
				PRODUCT_NAME = "$(TARGET_NAME)";
				SWIFT_VERSION = 5.0;
				TARGETED_DEVICE_FAMILY = "1,2";
			};
			name = Release;
		};
/* End XCBuildConfiguration section */

/* Begin XCConfigurationList section */
		2A660807242E18290056C849 /* Build configuration list for PBXProject "LoanCalc" */ = {
			isa = XCConfigurationList;
			buildConfigurations = (
				2A66081E242E182A0056C849 /* Debug */,
				2A66081F242E182A0056C849 /* Release */,
			);
			defaultConfigurationIsVisible = 0;
			defaultConfigurationName = Release;
		};
		2A660820242E182A0056C849 /* Build configuration list for PBXNativeTarget "LoanCalc" */ = {
			isa = XCConfigurationList;
			buildConfigurations = (
				2A660821242E182A0056C849 /* Debug */,
				2A660822242E182A0056C849 /* Release */,
			);
			defaultConfigurationIsVisible = 0;
			defaultConfigurationName = Release;
		};
/* End XCConfigurationList section */

/* Begin XCRemoteSwiftPackageReference section */
		2A660826242E19ED0056C849 /* XCRemoteSwiftPackageReference "SwiftPI" */ = {
			isa = XCRemoteSwiftPackageReference;
			repositoryURL = "https://github.com/igor1309/SwiftPI.git";
			requirement = {
				branch = master;
				kind = branch;
			};
		};
/* End XCRemoteSwiftPackageReference section */

/* Begin XCSwiftPackageProductDependency section */
		2A660827242E19ED0056C849 /* SwiftPI */ = {
			isa = XCSwiftPackageProductDependency;
			package = 2A660826242E19ED0056C849 /* XCRemoteSwiftPackageReference "SwiftPI" */;
			productName = SwiftPI;
		};
/* End XCSwiftPackageProductDependency section */
	};
	rootObject = 2A660804242E18290056C849 /* Project object */;
}
